
Microsoft Visual Studio Solution File, Format Version 12.00
# Visual Studio Version 17
VisualStudioVersion = 17.0.31903.59
MinimumVisualStudioVersion = 10.0.40219.1
Project("{2150E333-8FDC-42A3-9474-1A3956D46DE8}") = "src", "src", "{827E0CD3-B72D-47B6-A68D-7590B98EB39B}"
EndProject
Project("{2150E333-8FDC-42A3-9474-1A3956D46DE8}") = "Core", "Core", "{8D626EA8-CB54-BC41-363A-217881BEBA6E}"
EndProject
Project("{FAE04EC0-301F-11D3-BF4B-00C04F79EFBC}") = "TeknoRoma.Domain", "src\Core\TeknoRoma.Domain\TeknoRoma.Domain.csproj", "{618434B9-8F02-41FF-89FB-B6A0DCC9382C}"
EndProject
Project("{FAE04EC0-301F-11D3-BF4B-00C04F79EFBC}") = "TeknoRoma.Application", "src\Core\TeknoRoma.Application\TeknoRoma.Application.csproj", "{71CC8025-ED3D-4803-AFBB-2172E4DC006C}"
EndProject
Project("{2150E333-8FDC-42A3-9474-1A3956D46DE8}") = "Infrastructure", "Infrastructure", "{9048EB7F-3875-A59E-E36B-5BD4C6F2A282}"
EndProject
Project("{FAE04EC0-301F-11D3-BF4B-00C04F79EFBC}") = "TeknoRoma.Infrastructure", "src\Infrastructure\TeknoRoma.Infrastructure\TeknoRoma.Infrastructure.csproj", "{C17EA9B1-4523-41EE-87A7-036E6668D892}"
EndProject
Project("{2150E333-8FDC-42A3-9474-1A3956D46DE8}") = "Presentation", "Presentation", "{6996BBF7-DB31-59BC-C7DD-9A7CCC6138C4}"
EndProject
Project("{FAE04EC0-301F-11D3-BF4B-00C04F79EFBC}") = "TeknoRoma.API", "src\Presentation\TeknoRoma.API\TeknoRoma.API.csproj", "{D5D6718D-61AC-4433-91AB-2F223776382D}"
EndProject
Global
	GlobalSection(SolutionConfigurationPlatforms) = preSolution
		Debug|Any CPU = Debug|Any CPU
		Debug|x64 = Debug|x64
		Debug|x86 = Debug|x86
		Release|Any CPU = Release|Any CPU
		Release|x64 = Release|x64
		Release|x86 = Release|x86
	EndGlobalSection
	GlobalSection(ProjectConfigurationPlatforms) = postSolution
		{618434B9-8F02-41FF-89FB-B6A0DCC9382C}.Debug|Any CPU.ActiveCfg = Debug|Any CPU
		{618434B9-8F02-41FF-89FB-B6A0DCC9382C}.Debug|Any CPU.Build.0 = Debug|Any CPU
		{618434B9-8F02-41FF-89FB-B6A0DCC9382C}.Debug|x64.ActiveCfg = Debug|Any CPU
		{618434B9-8F02-41FF-89FB-B6A0DCC9382C}.Debug|x64.Build.0 = Debug|Any CPU
		{618434B9-8F02-41FF-89FB-B6A0DCC9382C}.Debug|x86.ActiveCfg = Debug|Any CPU
		{618434B9-8F02-41FF-89FB-B6A0DCC9382C}.Debug|x86.Build.0 = Debug|Any CPU
		{618434B9-8F02-41FF-89FB-B6A0DCC9382C}.Release|Any CPU.ActiveCfg = Release|Any CPU
		{618434B9-8F02-41FF-89FB-B6A0DCC9382C}.Release|Any CPU.Build.0 = Release|Any CPU
		{618434B9-8F02-41FF-89FB-B6A0DCC9382C}.Release|x64.ActiveCfg = Release|Any CPU
		{618434B9-8F02-41FF-89FB-B6A0DCC9382C}.Release|x64.Build.0 = Release|Any CPU
		{618434B9-8F02-41FF-89FB-B6A0DCC9382C}.Release|x86.ActiveCfg = Release|Any CPU
		{618434B9-8F02-41FF-89FB-B6A0DCC9382C}.Release|x86.Build.0 = Release|Any CPU
		{71CC8025-ED3D-4803-AFBB-2172E4DC006C}.Debug|Any CPU.ActiveCfg = Debug|Any CPU
		{71CC8025-ED3D-4803-AFBB-2172E4DC006C}.Debug|Any CPU.Build.0 = Debug|Any CPU
		{71CC8025-ED3D-4803-AFBB-2172E4DC006C}.Debug|x64.ActiveCfg = Debug|Any CPU
		{71CC8025-ED3D-4803-AFBB-2172E4DC006C}.Debug|x64.Build.0 = Debug|Any CPU
		{71CC8025-ED3D-4803-AFBB-2172E4DC006C}.Debug|x86.ActiveCfg = Debug|Any CPU
		{71CC8025-ED3D-4803-AFBB-2172E4DC006C}.Debug|x86.Build.0 = Debug|Any CPU
		{71CC8025-ED3D-4803-AFBB-2172E4DC006C}.Release|Any CPU.ActiveCfg = Release|Any CPU
		{71CC8025-ED3D-4803-AFBB-2172E4DC006C}.Release|Any CPU.Build.0 = Release|Any CPU
		{71CC8025-ED3D-4803-AFBB-2172E4DC006C}.Release|x64.ActiveCfg = Release|Any CPU
		{71CC8025-ED3D-4803-AFBB-2172E4DC006C}.Release|x64.Build.0 = Release|Any CPU
		{71CC8025-ED3D-4803-AFBB-2172E4DC006C}.Release|x86.ActiveCfg = Release|Any CPU
		{71CC8025-ED3D-4803-AFBB-2172E4DC006C}.Release|x86.Build.0 = Release|Any CPU
		{C17EA9B1-4523-41EE-87A7-036E6668D892}.Debug|Any CPU.ActiveCfg = Debug|Any CPU
		{C17EA9B1-4523-41EE-87A7-036E6668D892}.Debug|Any CPU.Build.0 = Debug|Any CPU
		{C17EA9B1-4523-41EE-87A7-036E6668D892}.Debug|x64.ActiveCfg = Debug|Any CPU
		{C17EA9B1-4523-41EE-87A7-036E6668D892}.Debug|x64.Build.0 = Debug|Any CPU
		{C17EA9B1-4523-41EE-87A7-036E6668D892}.Debug|x86.ActiveCfg = Debug|Any CPU
		{C17EA9B1-4523-41EE-87A7-036E6668D892}.Debug|x86.Build.0 = Debug|Any CPU
		{C17EA9B1-4523-41EE-87A7-036E6668D892}.Release|Any CPU.ActiveCfg = Release|Any CPU
		{C17EA9B1-4523-41EE-87A7-036E6668D892}.Release|Any CPU.Build.0 = Release|Any CPU
		{C17EA9B1-4523-41EE-87A7-036E6668D892}.Release|x64.ActiveCfg = Release|Any CPU
		{C17EA9B1-4523-41EE-87A7-036E6668D892}.Release|x64.Build.0 = Release|Any CPU
		{C17EA9B1-4523-41EE-87A7-036E6668D892}.Release|x86.ActiveCfg = Release|Any CPU
		{C17EA9B1-4523-41EE-87A7-036E6668D892}.Release|x86.Build.0 = Release|Any CPU
		{D5D6718D-61AC-4433-91AB-2F223776382D}.Debug|Any CPU.ActiveCfg = Debug|Any CPU
		{D5D6718D-61AC-4433-91AB-2F223776382D}.Debug|Any CPU.Build.0 = Debug|Any CPU
		{D5D6718D-61AC-4433-91AB-2F223776382D}.Debug|x64.ActiveCfg = Debug|Any CPU
		{D5D6718D-61AC-4433-91AB-2F223776382D}.Debug|x64.Build.0 = Debug|Any CPU
		{D5D6718D-61AC-4433-91AB-2F223776382D}.Debug|x86.ActiveCfg = Debug|Any CPU
		{D5D6718D-61AC-4433-91AB-2F223776382D}.Debug|x86.Build.0 = Debug|Any CPU
		{D5D6718D-61AC-4433-91AB-2F223776382D}.Release|Any CPU.ActiveCfg = Release|Any CPU
		{D5D6718D-61AC-4433-91AB-2F223776382D}.Release|Any CPU.Build.0 = Release|Any CPU
		{D5D6718D-61AC-4433-91AB-2F223776382D}.Release|x64.ActiveCfg = Release|Any CPU
		{D5D6718D-61AC-4433-91AB-2F223776382D}.Release|x64.Build.0 = Release|Any CPU
		{D5D6718D-61AC-4433-91AB-2F223776382D}.Release|x86.ActiveCfg = Release|Any CPU
		{D5D6718D-61AC-4433-91AB-2F223776382D}.Release|x86.Build.0 = Release|Any CPU
	EndGlobalSection
	GlobalSection(SolutionProperties) = preSolution
		HideSolutionNode = FALSE
	EndGlobalSection
	GlobalSection(NestedProjects) = preSolution
		{8D626EA8-CB54-BC41-363A-217881BEBA6E} = {827E0CD3-B72D-47B6-A68D-7590B98EB39B}
		{618434B9-8F02-41FF-89FB-B6A0DCC9382C} = {8D626EA8-CB54-BC41-363A-217881BEBA6E}
		{71CC8025-ED3D-4803-AFBB-2172E4DC006C} = {8D626EA8-CB54-BC41-363A-217881BEBA6E}
		{9048EB7F-3875-A59E-E36B-5BD4C6F2A282} = {827E0CD3-B72D-47B6-A68D-7590B98EB39B}
		{C17EA9B1-4523-41EE-87A7-036E6668D892} = {9048EB7F-3875-A59E-E36B-5BD4C6F2A282}
		{6996BBF7-DB31-59BC-C7DD-9A7CCC6138C4} = {827E0CD3-B72D-47B6-A68D-7590B98EB39B}
		{D5D6718D-61AC-4433-91AB-2F223776382D} = {6996BBF7-DB31-59BC-C7DD-9A7CCC6138C4}
	EndGlobalSection
EndGlobal
